
Microsoft Visual Studio Solution File, Format Version 12.00
# Visual Studio Version 17
VisualStudioVersion = 17.1.32210.238
MinimumVisualStudioVersion = 10.0.40219.1
Project("{FAE04EC0-301F-11D3-BF4B-00C04F79EFBC}") = "Nabava", "Nabava.csproj", "{47A8D8BA-0C36-406D-9485-2C07B95DD917}"
EndProject
Global
	GlobalSection(SolutionConfigurationPlatforms) = preSolution
		Debug|Any CPU = Debug|Any CPU
		Release|Any CPU = Release|Any CPU
	EndGlobalSection
	GlobalSection(ProjectConfigurationPlatforms) = postSolution
		{47A8D8BA-0C36-406D-9485-2C07B95DD917}.Debug|Any CPU.ActiveCfg = Debug|Any CPU
		{47A8D8BA-0C36-406D-9485-2C07B95DD917}.Debug|Any CPU.Build.0 = Debug|Any CPU
		{47A8D8BA-0C36-406D-9485-2C07B95DD917}.Release|Any CPU.ActiveCfg = Release|Any CPU
		{47A8D8BA-0C36-406D-9485-2C07B95DD917}.Release|Any CPU.Build.0 = Release|Any CPU
	EndGlobalSection
	GlobalSection(SolutionProperties) = preSolution
		HideSolutionNode = FALSE
	EndGlobalSection
	GlobalSection(ExtensibilityGlobals) = postSolution
		SolutionGuid = {B5666D1A-21D2-4151-BE6C-0429DEB45968}
	EndGlobalSection
EndGlobal
